{
  "requires": true,
  "lockfileVersion": 1,
  "dependencies": {
    "angular": {
      "version": "1.6.9",
      "resolved": "https://registry.npmjs.org/angular/-/angular-1.6.9.tgz",
      "integrity": "sha512-6igWH2GIsxV+J38wNWCh8oyjaZsrIPIDO35twloIUyjlF2Yit6UyLAWujHP05ma/LFxTsx4NtYibRoMNBXPR1A=="
    },
    "angular-translate": {
      "version": "2.17.0",
      "resolved": "https://registry.npmjs.org/angular-translate/-/angular-translate-2.17.0.tgz",
      "integrity": "sha512-SudfI0R0Hhtvngc0X3wFChXQGmw90o95i+QPZ11LhJJryneTq8LR3+3E4E7jgHA4fu6TcswgcfZ9+cp5ckbUHw==",
      "dev": true,
      "requires": {
        "angular": "1.6.9"
      }
    }
  }
}
